// !$*UTF8*$!
{
	archiveVersion = 1;
	classes = {
	};
	objectVersion = 50;
	objects = {

/* Begin PBXBuildFile section */
		D05689F4230691F800658683 /* AppDelegate.m in Sources */ = {isa = PBXBuildFile; fileRef = D05689F3230691F800658683 /* AppDelegate.m */; };
		D05689F7230691F800658683 /* ViewController.m in Sources */ = {isa = PBXBuildFile; fileRef = D05689F6230691F800658683 /* ViewController.m */; };
		D05689FA230691F800658683 /* Main.storyboard in Resources */ = {isa = PBXBuildFile; fileRef = D05689F8230691F800658683 /* Main.storyboard */; };
		D05689FC230691F900658683 /* Assets.xcassets in Resources */ = {isa = PBXBuildFile; fileRef = D05689FB230691F900658683 /* Assets.xcassets */; };
		D05689FF230691F900658683 /* LaunchScreen.storyboard in Resources */ = {isa = PBXBuildFile; fileRef = D05689FD230691F900658683 /* LaunchScreen.storyboard */; };
		D0568A02230691F900658683 /* main.m in Sources */ = {isa = PBXBuildFile; fileRef = D0568A01230691F900658683 /* main.m */; };
		D0568A0C230691F900658683 /* DYWebJSDemoTests.m in Sources */ = {isa = PBXBuildFile; fileRef = D0568A0B230691F900658683 /* DYWebJSDemoTests.m */; };
		D0568A17230691F900658683 /* DYWebJSDemoUITests.m in Sources */ = {isa = PBXBuildFile; fileRef = D0568A16230691F900658683 /* DYWebJSDemoUITests.m */; };
		D0568A262306A17500658683 /* DYUIWebViewController.m in Sources */ = {isa = PBXBuildFile; fileRef = D0568A252306A17500658683 /* DYUIWebViewController.m */; };
		D0568A292306A19100658683 /* DYWKWebViewController.m in Sources */ = {isa = PBXBuildFile; fileRef = D0568A282306A19100658683 /* DYWKWebViewController.m */; };
		D0568A2B2306E2EE00658683 /* test.html in Resources */ = {isa = PBXBuildFile; fileRef = D0568A2A2306E2ED00658683 /* test.html */; };
		D0568A2F2307DF9600658683 /* ImageClickEvent.js in Resources */ = {isa = PBXBuildFile; fileRef = D0568A2D2307DF9600658683 /* ImageClickEvent.js */; };
		D0568A302307DF9600658683 /* NativeApi.js in Resources */ = {isa = PBXBuildFile; fileRef = D0568A2E2307DF9600658683 /* NativeApi.js */; };
		D0568A332307E23D00658683 /* NSHTTPCookie+Utils.m in Sources */ = {isa = PBXBuildFile; fileRef = D0568A322307E23D00658683 /* NSHTTPCookie+Utils.m */; };
		D0568A382307E3D000658683 /* NSHTTPCookieStorage+Utils.m in Sources */ = {isa = PBXBuildFile; fileRef = D0568A372307E3D000658683 /* NSHTTPCookieStorage+Utils.m */; };
		D0568A3C230A967600658683 /* backbutton@2x.png in Resources */ = {isa = PBXBuildFile; fileRef = D0568A3A230A967600658683 /* backbutton@2x.png */; };
		D0568A3D230A967600658683 /* backbutton@3x.png in Resources */ = {isa = PBXBuildFile; fileRef = D0568A3B230A967600658683 /* backbutton@3x.png */; };
		D0568A40230A9C7800658683 /* webRefreshButton@3x.png in Resources */ = {isa = PBXBuildFile; fileRef = D0568A3E230A9C7800658683 /* webRefreshButton@3x.png */; };
		D0568A41230A9C7800658683 /* webRefreshButton@2x.png in Resources */ = {isa = PBXBuildFile; fileRef = D0568A3F230A9C7800658683 /* webRefreshButton@2x.png */; };
/* End PBXBuildFile section */

/* Begin PBXContainerItemProxy section */
		D0568A08230691F900658683 /* PBXContainerItemProxy */ = {
			isa = PBXContainerItemProxy;
			containerPortal = D05689E7230691F800658683 /* Project object */;
			proxyType = 1;
			remoteGlobalIDString = D05689EE230691F800658683;
			remoteInfo = DYWebJSDemo;
		};
		D0568A13230691F900658683 /* PBXContainerItemProxy */ = {
			isa = PBXContainerItemProxy;
			containerPortal = D05689E7230691F800658683 /* Project object */;
			proxyType = 1;
			remoteGlobalIDString = D05689EE230691F800658683;
			remoteInfo = DYWebJSDemo;
		};
/* End PBXContainerItemProxy section */

/* Begin PBXFileReference section */
		D05689EF230691F800658683 /* DYWebJSDemo.app */ = {isa = PBXFileReference; explicitFileType = wrapper.application; includeInIndex = 0; path = DYWebJSDemo.app; sourceTree = BUILT_PRODUCTS_DIR; };
		D05689F2230691F800658683 /* AppDelegate.h */ = {isa = PBXFileReference; lastKnownFileType = sourcecode.c.h; path = AppDelegate.h; sourceTree = "<group>"; };
		D05689F3230691F800658683 /* AppDelegate.m */ = {isa = PBXFileReference; lastKnownFileType = sourcecode.c.objc; path = AppDelegate.m; sourceTree = "<group>"; };
		D05689F5230691F800658683 /* ViewController.h */ = {isa = PBXFileReference; lastKnownFileType = sourcecode.c.h; path = ViewController.h; sourceTree = "<group>"; };
		D05689F6230691F800658683 /* ViewController.m */ = {isa = PBXFileReference; lastKnownFileType = sourcecode.c.objc; path = ViewController.m; sourceTree = "<group>"; };
		D05689F9230691F800658683 /* Base */ = {isa = PBXFileReference; lastKnownFileType = file.storyboard; name = Base; path = Base.lproj/Main.storyboard; sourceTree = "<group>"; };
		D05689FB230691F900658683 /* Assets.xcassets */ = {isa = PBXFileReference; lastKnownFileType = folder.assetcatalog; path = Assets.xcassets; sourceTree = "<group>"; };
		D05689FE230691F900658683 /* Base */ = {isa = PBXFileReference; lastKnownFileType = file.storyboard; name = Base; path = Base.lproj/LaunchScreen.storyboard; sourceTree = "<group>"; };
		D0568A00230691F900658683 /* Info.plist */ = {isa = PBXFileReference; lastKnownFileType = text.plist.xml; path = Info.plist; sourceTree = "<group>"; };
		D0568A01230691F900658683 /* main.m */ = {isa = PBXFileReference; lastKnownFileType = sourcecode.c.objc; path = main.m; sourceTree = "<group>"; };
		D0568A07230691F900658683 /* DYWebJSDemoTests.xctest */ = {isa = PBXFileReference; explicitFileType = wrapper.cfbundle; includeInIndex = 0; path = DYWebJSDemoTests.xctest; sourceTree = BUILT_PRODUCTS_DIR; };
		D0568A0B230691F900658683 /* DYWebJSDemoTests.m */ = {isa = PBXFileReference; lastKnownFileType = sourcecode.c.objc; path = DYWebJSDemoTests.m; sourceTree = "<group>"; };
		D0568A0D230691F900658683 /* Info.plist */ = {isa = PBXFileReference; lastKnownFileType = text.plist.xml; path = Info.plist; sourceTree = "<group>"; };
		D0568A12230691F900658683 /* DYWebJSDemoUITests.xctest */ = {isa = PBXFileReference; explicitFileType = wrapper.cfbundle; includeInIndex = 0; path = DYWebJSDemoUITests.xctest; sourceTree = BUILT_PRODUCTS_DIR; };
		D0568A16230691F900658683 /* DYWebJSDemoUITests.m */ = {isa = PBXFileReference; lastKnownFileType = sourcecode.c.objc; path = DYWebJSDemoUITests.m; sourceTree = "<group>"; };
		D0568A18230691F900658683 /* Info.plist */ = {isa = PBXFileReference; lastKnownFileType = text.plist.xml; path = Info.plist; sourceTree = "<group>"; };
		D0568A242306A17500658683 /* DYUIWebViewController.h */ = {isa = PBXFileReference; lastKnownFileType = sourcecode.c.h; path = DYUIWebViewController.h; sourceTree = "<group>"; };
		D0568A252306A17500658683 /* DYUIWebViewController.m */ = {isa = PBXFileReference; lastKnownFileType = sourcecode.c.objc; path = DYUIWebViewController.m; sourceTree = "<group>"; };
		D0568A272306A19100658683 /* DYWKWebViewController.h */ = {isa = PBXFileReference; lastKnownFileType = sourcecode.c.h; path = DYWKWebViewController.h; sourceTree = "<group>"; };
		D0568A282306A19100658683 /* DYWKWebViewController.m */ = {isa = PBXFileReference; lastKnownFileType = sourcecode.c.objc; path = DYWKWebViewController.m; sourceTree = "<group>"; };
		D0568A2A2306E2ED00658683 /* test.html */ = {isa = PBXFileReference; fileEncoding = 4; lastKnownFileType = text.html; path = test.html; sourceTree = "<group>"; };
		D0568A2C2306E30C00658683 /* Config.h */ = {isa = PBXFileReference; lastKnownFileType = sourcecode.c.h; path = Config.h; sourceTree = "<group>"; };
		D0568A2D2307DF9600658683 /* ImageClickEvent.js */ = {isa = PBXFileReference; fileEncoding = 4; lastKnownFileType = sourcecode.javascript; path = ImageClickEvent.js; sourceTree = "<group>"; };
		D0568A2E2307DF9600658683 /* NativeApi.js */ = {isa = PBXFileReference; fileEncoding = 4; lastKnownFileType = sourcecode.javascript; path = NativeApi.js; sourceTree = "<group>"; };
		D0568A312307E23D00658683 /* NSHTTPCookie+Utils.h */ = {isa = PBXFileReference; lastKnownFileType = sourcecode.c.h; path = "NSHTTPCookie+Utils.h"; sourceTree = "<group>"; };
		D0568A322307E23D00658683 /* NSHTTPCookie+Utils.m */ = {isa = PBXFileReference; lastKnownFileType = sourcecode.c.objc; path = "NSHTTPCookie+Utils.m"; sourceTree = "<group>"; };
		D0568A362307E3D000658683 /* NSHTTPCookieStorage+Utils.h */ = {isa = PBXFileReference; lastKnownFileType = sourcecode.c.h; path = "NSHTTPCookieStorage+Utils.h"; sourceTree = "<group>"; };
		D0568A372307E3D000658683 /* NSHTTPCookieStorage+Utils.m */ = {isa = PBXFileReference; lastKnownFileType = sourcecode.c.objc; path = "NSHTTPCookieStorage+Utils.m"; sourceTree = "<group>"; };
		D0568A3A230A967600658683 /* backbutton@2x.png */ = {isa = PBXFileReference; lastKnownFileType = image.png; path = "backbutton@2x.png"; sourceTree = "<group>"; };
		D0568A3B230A967600658683 /* backbutton@3x.png */ = {isa = PBXFileReference; lastKnownFileType = image.png; path = "backbutton@3x.png"; sourceTree = "<group>"; };
		D0568A3E230A9C7800658683 /* webRefreshButton@3x.png */ = {isa = PBXFileReference; lastKnownFileType = image.png; path = "webRefreshButton@3x.png"; sourceTree = "<group>"; };
		D0568A3F230A9C7800658683 /* webRefreshButton@2x.png */ = {isa = PBXFileReference; lastKnownFileType = image.png; path = "webRefreshButton@2x.png"; sourceTree = "<group>"; };
/* End PBXFileReference section */

/* Begin PBXFrameworksBuildPhase section */
		D05689EC230691F800658683 /* Frameworks */ = {
			isa = PBXFrameworksBuildPhase;
			buildActionMask = 2147483647;
			files = (
			);
			runOnlyForDeploymentPostprocessing = 0;
		};
		D0568A04230691F900658683 /* Frameworks */ = {
			isa = PBXFrameworksBuildPhase;
			buildActionMask = 2147483647;
			files = (
			);
			runOnlyForDeploymentPostprocessing = 0;
		};
		D0568A0F230691F900658683 /* Frameworks */ = {
			isa = PBXFrameworksBuildPhase;
			buildActionMask = 2147483647;
			files = (
			);
			runOnlyForDeploymentPostprocessing = 0;
		};
/* End PBXFrameworksBuildPhase section */

/* Begin PBXGroup section */
		D05689E6230691F800658683 = {
			isa = PBXGroup;
			children = (
				D05689F1230691F800658683 /* DYWebJSDemo */,
				D0568A0A230691F900658683 /* DYWebJSDemoTests */,
				D0568A15230691F900658683 /* DYWebJSDemoUITests */,
				D05689F0230691F800658683 /* Products */,
			);
			sourceTree = "<group>";
		};
		D05689F0230691F800658683 /* Products */ = {
			isa = PBXGroup;
			children = (
				D05689EF230691F800658683 /* DYWebJSDemo.app */,
				D0568A07230691F900658683 /* DYWebJSDemoTests.xctest */,
				D0568A12230691F900658683 /* DYWebJSDemoUITests.xctest */,
			);
			name = Products;
			sourceTree = "<group>";
		};
		D05689F1230691F800658683 /* DYWebJSDemo */ = {
			isa = PBXGroup;
			children = (
				D0568A392307E56900658683 /* Resources */,
				D0568A352307E39C00658683 /* Category */,
				D0568A342307E37500658683 /* ViewController */,
				D05689F2230691F800658683 /* AppDelegate.h */,
				D05689F3230691F800658683 /* AppDelegate.m */,
				D05689F8230691F800658683 /* Main.storyboard */,
				D05689FB230691F900658683 /* Assets.xcassets */,
				D05689FD230691F900658683 /* LaunchScreen.storyboard */,
				D0568A00230691F900658683 /* Info.plist */,
				D0568A01230691F900658683 /* main.m */,
			);
			path = DYWebJSDemo;
			sourceTree = "<group>";
		};
		D0568A0A230691F900658683 /* DYWebJSDemoTests */ = {
			isa = PBXGroup;
			children = (
				D0568A0B230691F900658683 /* DYWebJSDemoTests.m */,
				D0568A0D230691F900658683 /* Info.plist */,
			);
			path = DYWebJSDemoTests;
			sourceTree = "<group>";
		};
		D0568A15230691F900658683 /* DYWebJSDemoUITests */ = {
			isa = PBXGroup;
			children = (
				D0568A16230691F900658683 /* DYWebJSDemoUITests.m */,
				D0568A18230691F900658683 /* Info.plist */,
			);
			path = DYWebJSDemoUITests;
			sourceTree = "<group>";
		};
		D0568A342307E37500658683 /* ViewController */ = {
			isa = PBXGroup;
			children = (
				D05689F5230691F800658683 /* ViewController.h */,
				D05689F6230691F800658683 /* ViewController.m */,
				D0568A242306A17500658683 /* DYUIWebViewController.h */,
				D0568A252306A17500658683 /* DYUIWebViewController.m */,
				D0568A272306A19100658683 /* DYWKWebViewController.h */,
				D0568A282306A19100658683 /* DYWKWebViewController.m */,
			);
			path = ViewController;
			sourceTree = "<group>";
		};
		D0568A352307E39C00658683 /* Category */ = {
			isa = PBXGroup;
			children = (
				D0568A2C2306E30C00658683 /* Config.h */,
				D0568A312307E23D00658683 /* NSHTTPCookie+Utils.h */,
				D0568A322307E23D00658683 /* NSHTTPCookie+Utils.m */,
				D0568A362307E3D000658683 /* NSHTTPCookieStorage+Utils.h */,
				D0568A372307E3D000658683 /* NSHTTPCookieStorage+Utils.m */,
			);
			path = Category;
			sourceTree = "<group>";
		};
		D0568A392307E56900658683 /* Resources */ = {
			isa = PBXGroup;
			children = (
				D0568A3A230A967600658683 /* backbutton@2x.png */,
				D0568A3B230A967600658683 /* backbutton@3x.png */,
				D0568A3F230A9C7800658683 /* webRefreshButton@2x.png */,
				D0568A3E230A9C7800658683 /* webRefreshButton@3x.png */,
				D0568A2A2306E2ED00658683 /* test.html */,
				D0568A2D2307DF9600658683 /* ImageClickEvent.js */,
				D0568A2E2307DF9600658683 /* NativeApi.js */,
			);
			path = Resources;
			sourceTree = "<group>";
		};
/* End PBXGroup section */

/* Begin PBXNativeTarget section */
		D05689EE230691F800658683 /* DYWebJSDemo */ = {
			isa = PBXNativeTarget;
			buildConfigurationList = D0568A1B230691F900658683 /* Build configuration list for PBXNativeTarget "DYWebJSDemo" */;
			buildPhases = (
				D05689EB230691F800658683 /* Sources */,
				D05689EC230691F800658683 /* Frameworks */,
				D05689ED230691F800658683 /* Resources */,
			);
			buildRules = (
			);
			dependencies = (
			);
			name = DYWebJSDemo;
			productName = DYWebJSDemo;
			productReference = D05689EF230691F800658683 /* DYWebJSDemo.app */;
			productType = "com.apple.product-type.application";
		};
		D0568A06230691F900658683 /* DYWebJSDemoTests */ = {
			isa = PBXNativeTarget;
			buildConfigurationList = D0568A1E230691F900658683 /* Build configuration list for PBXNativeTarget "DYWebJSDemoTests" */;
			buildPhases = (
				D0568A03230691F900658683 /* Sources */,
				D0568A04230691F900658683 /* Frameworks */,
				D0568A05230691F900658683 /* Resources */,
			);
			buildRules = (
			);
			dependencies = (
				D0568A09230691F900658683 /* PBXTargetDependency */,
			);
			name = DYWebJSDemoTests;
			productName = DYWebJSDemoTests;
			productReference = D0568A07230691F900658683 /* DYWebJSDemoTests.xctest */;
			productType = "com.apple.product-type.bundle.unit-test";
		};
		D0568A11230691F900658683 /* DYWebJSDemoUITests */ = {
			isa = PBXNativeTarget;
			buildConfigurationList = D0568A21230691F900658683 /* Build configuration list for PBXNativeTarget "DYWebJSDemoUITests" */;
			buildPhases = (
				D0568A0E230691F900658683 /* Sources */,
				D0568A0F230691F900658683 /* Frameworks */,
				D0568A10230691F900658683 /* Resources */,
			);
			buildRules = (
			);
			dependencies = (
				D0568A14230691F900658683 /* PBXTargetDependency */,
			);
			name = DYWebJSDemoUITests;
			productName = DYWebJSDemoUITests;
			productReference = D0568A12230691F900658683 /* DYWebJSDemoUITests.xctest */;
			productType = "com.apple.product-type.bundle.ui-testing";
		};
/* End PBXNativeTarget section */

/* Begin PBXProject section */
		D05689E7230691F800658683 /* Project object */ = {
			isa = PBXProject;
			attributes = {
				LastUpgradeCheck = 1030;
				ORGANIZATIONNAME = duanyang;
				TargetAttributes = {
					D05689EE230691F800658683 = {
						CreatedOnToolsVersion = 10.3;
					};
					D0568A06230691F900658683 = {
						CreatedOnToolsVersion = 10.3;
						TestTargetID = D05689EE230691F800658683;
					};
					D0568A11230691F900658683 = {
						CreatedOnToolsVersion = 10.3;
						TestTargetID = D05689EE230691F800658683;
					};
				};
			};
			buildConfigurationList = D05689EA230691F800658683 /* Build configuration list for PBXProject "DYWebJSDemo" */;
			compatibilityVersion = "Xcode 9.3";
			developmentRegion = en;
			hasScannedForEncodings = 0;
			knownRegions = (
				en,
				Base,
			);
			mainGroup = D05689E6230691F800658683;
			productRefGroup = D05689F0230691F800658683 /* Products */;
			projectDirPath = "";
			projectRoot = "";
			targets = (
				D05689EE230691F800658683 /* DYWebJSDemo */,
				D0568A06230691F900658683 /* DYWebJSDemoTests */,
				D0568A11230691F900658683 /* DYWebJSDemoUITests */,
			);
		};
/* End PBXProject section */

/* Begin PBXResourcesBuildPhase section */
		D05689ED230691F800658683 /* Resources */ = {
			isa = PBXResourcesBuildPhase;
			buildActionMask = 2147483647;
			files = (
				D0568A2F2307DF9600658683 /* ImageClickEvent.js in Resources */,
				D0568A40230A9C7800658683 /* webRefreshButton@3x.png in Resources */,
				D0568A2B2306E2EE00658683 /* test.html in Resources */,
				D0568A302307DF9600658683 /* NativeApi.js in Resources */,
				D05689FF230691F900658683 /* LaunchScreen.storyboard in Resources */,
				D0568A41230A9C7800658683 /* webRefreshButton@2x.png in Resources */,
				D0568A3D230A967600658683 /* backbutton@3x.png in Resources */,
				D05689FC230691F900658683 /* Assets.xcassets in Resources */,
				D0568A3C230A967600658683 /* backbutton@2x.png in Resources */,
				D05689FA230691F800658683 /* Main.storyboard in Resources */,
			);
			runOnlyForDeploymentPostprocessing = 0;
		};
		D0568A05230691F900658683 /* Resources */ = {
			isa = PBXResourcesBuildPhase;
			buildActionMask = 2147483647;
			files = (
			);
			runOnlyForDeploymentPostprocessing = 0;
		};
		D0568A10230691F900658683 /* Resources */ = {
			isa = PBXResourcesBuildPhase;
			buildActionMask = 2147483647;
			files = (
			);
			runOnlyForDeploymentPostprocessing = 0;
		};
/* End PBXResourcesBuildPhase section */

/* Begin PBXSourcesBuildPhase section */
		D05689EB230691F800658683 /* Sources */ = {
			isa = PBXSourcesBuildPhase;
			buildActionMask = 2147483647;
			files = (
				D05689F7230691F800658683 /* ViewController.m in Sources */,
				D0568A292306A19100658683 /* DYWKWebViewController.m in Sources */,
				D0568A382307E3D000658683 /* NSHTTPCookieStorage+Utils.m in Sources */,
				D0568A332307E23D00658683 /* NSHTTPCookie+Utils.m in Sources */,
				D0568A02230691F900658683 /* main.m in Sources */,
				D0568A262306A17500658683 /* DYUIWebViewController.m in Sources */,
				D05689F4230691F800658683 /* AppDelegate.m in Sources */,
			);
			runOnlyForDeploymentPostprocessing = 0;
		};
		D0568A03230691F900658683 /* Sources */ = {
			isa = PBXSourcesBuildPhase;
			buildActionMask = 2147483647;
			files = (
				D0568A0C230691F900658683 /* DYWebJSDemoTests.m in Sources */,
			);
			runOnlyForDeploymentPostprocessing = 0;
		};
		D0568A0E230691F900658683 /* Sources */ = {
			isa = PBXSourcesBuildPhase;
			buildActionMask = 2147483647;
			files = (
				D0568A17230691F900658683 /* DYWebJSDemoUITests.m in Sources */,
			);
			runOnlyForDeploymentPostprocessing = 0;
		};
/* End PBXSourcesBuildPhase section */

/* Begin PBXTargetDependency section */
		D0568A09230691F900658683 /* PBXTargetDependency */ = {
			isa = PBXTargetDependency;
			target = D05689EE230691F800658683 /* DYWebJSDemo */;
			targetProxy = D0568A08230691F900658683 /* PBXContainerItemProxy */;
		};
		D0568A14230691F900658683 /* PBXTargetDependency */ = {
			isa = PBXTargetDependency;
			target = D05689EE230691F800658683 /* DYWebJSDemo */;
			targetProxy = D0568A13230691F900658683 /* PBXContainerItemProxy */;
		};
/* End PBXTargetDependency section */

/* Begin PBXVariantGroup section */
		D05689F8230691F800658683 /* Main.storyboard */ = {
			isa = PBXVariantGroup;
			children = (
				D05689F9230691F800658683 /* Base */,
			);
			name = Main.storyboard;
			sourceTree = "<group>";
		};
		D05689FD230691F900658683 /* LaunchScreen.storyboard */ = {
			isa = PBXVariantGroup;
			children = (
				D05689FE230691F900658683 /* Base */,
			);
			name = LaunchScreen.storyboard;
			sourceTree = "<group>";
		};
/* End PBXVariantGroup section */

/* Begin XCBuildConfiguration section */
		D0568A19230691F900658683 /* Debug */ = {
			isa = XCBuildConfiguration;
			buildSettings = {
				ALWAYS_SEARCH_USER_PATHS = NO;
				CLANG_ANALYZER_NONNULL = YES;
				CLANG_ANALYZER_NUMBER_OBJECT_CONVERSION = YES_AGGRESSIVE;
				CLANG_CXX_LANGUAGE_STANDARD = "gnu++14";
				CLANG_CXX_LIBRARY = "libc++";
				CLANG_ENABLE_MODULES = YES;
				CLANG_ENABLE_OBJC_ARC = YES;
				CLANG_ENABLE_OBJC_WEAK = YES;
				CLANG_WARN_BLOCK_CAPTURE_AUTORELEASING = YES;
				CLANG_WARN_BOOL_CONVERSION = YES;
				CLANG_WARN_COMMA = YES;
				CLANG_WARN_CONSTANT_CONVERSION = YES;
				CLANG_WARN_DEPRECATED_OBJC_IMPLEMENTATIONS = YES;
				CLANG_WARN_DIRECT_OBJC_ISA_USAGE = YES_ERROR;
				CLANG_WARN_DOCUMENTATION_COMMENTS = YES;
				CLANG_WARN_EMPTY_BODY = YES;
				CLANG_WARN_ENUM_CONVERSION = YES;
				CLANG_WARN_INFINITE_RECURSION = YES;
				CLANG_WARN_INT_CONVERSION = YES;
				CLANG_WARN_NON_LITERAL_NULL_CONVERSION = YES;
				CLANG_WARN_OBJC_IMPLICIT_RETAIN_SELF = YES;
				CLANG_WARN_OBJC_LITERAL_CONVERSION = YES;
				CLANG_WARN_OBJC_ROOT_CLASS = YES_ERROR;
				CLANG_WARN_RANGE_LOOP_ANALYSIS = YES;
				CLANG_WARN_STRICT_PROTOTYPES = YES;
				CLANG_WARN_SUSPICIOUS_MOVE = YES;
				CLANG_WARN_UNGUARDED_AVAILABILITY = YES_AGGRESSIVE;
				CLANG_WARN_UNREACHABLE_CODE = YES;
				CLANG_WARN__DUPLICATE_METHOD_MATCH = YES;
				CODE_SIGN_IDENTITY = "iPhone Developer";
				COPY_PHASE_STRIP = NO;
				DEBUG_INFORMATION_FORMAT = dwarf;
				ENABLE_STRICT_OBJC_MSGSEND = YES;
				ENABLE_TESTABILITY = YES;
				GCC_C_LANGUAGE_STANDARD = gnu11;
				GCC_DYNAMIC_NO_PIC = NO;
				GCC_NO_COMMON_BLOCKS = YES;
				GCC_OPTIMIZATION_LEVEL = 0;
				GCC_PREPROCESSOR_DEFINITIONS = (
					"DEBUG=1",
					"$(inherited)",
				);
				GCC_WARN_64_TO_32_BIT_CONVERSION = YES;
				GCC_WARN_ABOUT_RETURN_TYPE = YES_ERROR;
				GCC_WARN_UNDECLARED_SELECTOR = YES;
				GCC_WARN_UNINITIALIZED_AUTOS = YES_AGGRESSIVE;
				GCC_WARN_UNUSED_FUNCTION = YES;
				GCC_WARN_UNUSED_VARIABLE = YES;
				IPHONEOS_DEPLOYMENT_TARGET = 12.4;
				MTL_ENABLE_DEBUG_INFO = INCLUDE_SOURCE;
				MTL_FAST_MATH = YES;
				ONLY_ACTIVE_ARCH = YES;
				SDKROOT = iphoneos;
			};
			name = Debug;
		};
		D0568A1A230691F900658683 /* Release */ = {
			isa = XCBuildConfiguration;
			buildSettings = {
				ALWAYS_SEARCH_USER_PATHS = NO;
				CLANG_ANALYZER_NONNULL = YES;
				CLANG_ANALYZER_NUMBER_OBJECT_CONVERSION = YES_AGGRESSIVE;
				CLANG_CXX_LANGUAGE_STANDARD = "gnu++14";
				CLANG_CXX_LIBRARY = "libc++";
				CLANG_ENABLE_MODULES = YES;
				CLANG_ENABLE_OBJC_ARC = YES;
				CLANG_ENABLE_OBJC_WEAK = YES;
				CLANG_WARN_BLOCK_CAPTURE_AUTORELEASING = YES;
				CLANG_WARN_BOOL_CONVERSION = YES;
				CLANG_WARN_COMMA = YES;
				CLANG_WARN_CONSTANT_CONVERSION = YES;
				CLANG_WARN_DEPRECATED_OBJC_IMPLEMENTATIONS = YES;
				CLANG_WARN_DIRECT_OBJC_ISA_USAGE = YES_ERROR;
				CLANG_WARN_DOCUMENTATION_COMMENTS = YES;
				CLANG_WARN_EMPTY_BODY = YES;
				CLANG_WARN_ENUM_CONVERSION = YES;
				CLANG_WARN_INFINITE_RECURSION = YES;
				CLANG_WARN_INT_CONVERSION = YES;
				CLANG_WARN_NON_LITERAL_NULL_CONVERSION = YES;
				CLANG_WARN_OBJC_IMPLICIT_RETAIN_SELF = YES;
				CLANG_WARN_OBJC_LITERAL_CONVERSION = YES;
				CLANG_WARN_OBJC_ROOT_CLASS = YES_ERROR;
				CLANG_WARN_RANGE_LOOP_ANALYSIS = YES;
				CLANG_WARN_STRICT_PROTOTYPES = YES;
				CLANG_WARN_SUSPICIOUS_MOVE = YES;
				CLANG_WARN_UNGUARDED_AVAILABILITY = YES_AGGRESSIVE;
				CLANG_WARN_UNREACHABLE_CODE = YES;
				CLANG_WARN__DUPLICATE_METHOD_MATCH = YES;
				CODE_SIGN_IDENTITY = "iPhone Developer";
				COPY_PHASE_STRIP = NO;
				DEBUG_INFORMATION_FORMAT = "dwarf-with-dsym";
				ENABLE_NS_ASSERTIONS = NO;
				ENABLE_STRICT_OBJC_MSGSEND = YES;
				GCC_C_LANGUAGE_STANDARD = gnu11;
				GCC_NO_COMMON_BLOCKS = YES;
				GCC_WARN_64_TO_32_BIT_CONVERSION = YES;
				GCC_WARN_ABOUT_RETURN_TYPE = YES_ERROR;
				GCC_WARN_UNDECLARED_SELECTOR = YES;
				GCC_WARN_UNINITIALIZED_AUTOS = YES_AGGRESSIVE;
				GCC_WARN_UNUSED_FUNCTION = YES;
				GCC_WARN_UNUSED_VARIABLE = YES;
				IPHONEOS_DEPLOYMENT_TARGET = 12.4;
				MTL_ENABLE_DEBUG_INFO = NO;
				MTL_FAST_MATH = YES;
				SDKROOT = iphoneos;
				VALIDATE_PRODUCT = YES;
			};
			name = Release;
		};
		D0568A1C230691F900658683 /* Debug */ = {
			isa = XCBuildConfiguration;
			buildSettings = {
				ASSETCATALOG_COMPILER_APPICON_NAME = AppIcon;
				CODE_SIGN_STYLE = Automatic;
				DEVELOPMENT_TEAM = QGY92S64S3;
				INFOPLIST_FILE = DYWebJSDemo/Info.plist;
				IPHONEOS_DEPLOYMENT_TARGET = 9.0;
				LD_RUNPATH_SEARCH_PATHS = (
					"$(inherited)",
					"@executable_path/Frameworks",
				);
				PRODUCT_BUNDLE_IDENTIFIER = com.duanyang.DYWebJSDemo;
				PRODUCT_NAME = "$(TARGET_NAME)";
				TARGETED_DEVICE_FAMILY = "1,2";
			};
			name = Debug;
		};
		D0568A1D230691F900658683 /* Release */ = {
			isa = XCBuildConfiguration;
			buildSettings = {
				ASSETCATALOG_COMPILER_APPICON_NAME = AppIcon;
				CODE_SIGN_STYLE = Automatic;
				DEVELOPMENT_TEAM = QGY92S64S3;
				INFOPLIST_FILE = DYWebJSDemo/Info.plist;
				IPHONEOS_DEPLOYMENT_TARGET = 9.0;
				LD_RUNPATH_SEARCH_PATHS = (
					"$(inherited)",
					"@executable_path/Frameworks",
				);
				PRODUCT_BUNDLE_IDENTIFIER = com.duanyang.DYWebJSDemo;
				PRODUCT_NAME = "$(TARGET_NAME)";
				TARGETED_DEVICE_FAMILY = "1,2";
			};
			name = Release;
		};
		D0568A1F230691F900658683 /* Debug */ = {
			isa = XCBuildConfiguration;
			buildSettings = {
				BUNDLE_LOADER = "$(TEST_HOST)";
				CODE_SIGN_STYLE = Automatic;
				DEVELOPMENT_TEAM = QGY92S64S3;
				INFOPLIST_FILE = DYWebJSDemoTests/Info.plist;
				LD_RUNPATH_SEARCH_PATHS = (
					"$(inherited)",
					"@executable_path/Frameworks",
					"@loader_path/Frameworks",
				);
				PRODUCT_BUNDLE_IDENTIFIER = com.duanyang.DYWebJSDemoTests;
				PRODUCT_NAME = "$(TARGET_NAME)";
				TARGETED_DEVICE_FAMILY = "1,2";
				TEST_HOST = "$(BUILT_PRODUCTS_DIR)/DYWebJSDemo.app/DYWebJSDemo";
			};
			name = Debug;
		};
		D0568A20230691F900658683 /* Release */ = {
			isa = XCBuildConfiguration;
			buildSettings = {
				BUNDLE_LOADER = "$(TEST_HOST)";
				CODE_SIGN_STYLE = Automatic;
				DEVELOPMENT_TEAM = QGY92S64S3;
				INFOPLIST_FILE = DYWebJSDemoTests/Info.plist;
				LD_RUNPATH_SEARCH_PATHS = (
					"$(inherited)",
					"@executable_path/Frameworks",
					"@loader_path/Frameworks",
				);
				PRODUCT_BUNDLE_IDENTIFIER = com.duanyang.DYWebJSDemoTests;
				PRODUCT_NAME = "$(TARGET_NAME)";
				TARGETED_DEVICE_FAMILY = "1,2";
				TEST_HOST = "$(BUILT_PRODUCTS_DIR)/DYWebJSDemo.app/DYWebJSDemo";
			};
			name = Release;
		};
		D0568A22230691F900658683 /* Debug */ = {
			isa = XCBuildConfiguration;
			buildSettings = {
				CODE_SIGN_STYLE = Automatic;
				DEVELOPMENT_TEAM = QGY92S64S3;
				INFOPLIST_FILE = DYWebJSDemoUITests/Info.plist;
				LD_RUNPATH_SEARCH_PATHS = (
					"$(inherited)",
					"@executable_path/Frameworks",
					"@loader_path/Frameworks",
				);
				PRODUCT_BUNDLE_IDENTIFIER = com.duanyang.DYWebJSDemoUITests;
				PRODUCT_NAME = "$(TARGET_NAME)";
				TARGETED_DEVICE_FAMILY = "1,2";
				TEST_TARGET_NAME = DYWebJSDemo;
			};
			name = Debug;
		};
		D0568A23230691F900658683 /* Release */ = {
			isa = XCBuildConfiguration;
			buildSettings = {
				CODE_SIGN_STYLE = Automatic;
				DEVELOPMENT_TEAM = QGY92S64S3;
				INFOPLIST_FILE = DYWebJSDemoUITests/Info.plist;
				LD_RUNPATH_SEARCH_PATHS = (
					"$(inherited)",
					"@executable_path/Frameworks",
					"@loader_path/Frameworks",
				);
				PRODUCT_BUNDLE_IDENTIFIER = com.duanyang.DYWebJSDemoUITests;
				PRODUCT_NAME = "$(TARGET_NAME)";
				TARGETED_DEVICE_FAMILY = "1,2";
				TEST_TARGET_NAME = DYWebJSDemo;
			};
			name = Release;
		};
/* End XCBuildConfiguration section */

/* Begin XCConfigurationList section */
		D05689EA230691F800658683 /* Build configuration list for PBXProject "DYWebJSDemo" */ = {
			isa = XCConfigurationList;
			buildConfigurations = (
				D0568A19230691F900658683 /* Debug */,
				D0568A1A230691F900658683 /* Release */,
			);
			defaultConfigurationIsVisible = 0;
			defaultConfigurationName = Release;
		};
		D0568A1B230691F900658683 /* Build configuration list for PBXNativeTarget "DYWebJSDemo" */ = {
			isa = XCConfigurationList;
			buildConfigurations = (
				D0568A1C230691F900658683 /* Debug */,
				D0568A1D230691F900658683 /* Release */,
			);
			defaultConfigurationIsVisible = 0;
			defaultConfigurationName = Release;
		};
		D0568A1E230691F900658683 /* Build configuration list for PBXNativeTarget "DYWebJSDemoTests" */ = {
			isa = XCConfigurationList;
			buildConfigurations = (
				D0568A1F230691F900658683 /* Debug */,
				D0568A20230691F900658683 /* Release */,
			);
			defaultConfigurationIsVisible = 0;
			defaultConfigurationName = Release;
		};
		D0568A21230691F900658683 /* Build configuration list for PBXNativeTarget "DYWebJSDemoUITests" */ = {
			isa = XCConfigurationList;
			buildConfigurations = (
				D0568A22230691F900658683 /* Debug */,
				D0568A23230691F900658683 /* Release */,
			);
			defaultConfigurationIsVisible = 0;
			defaultConfigurationName = Release;
		};
/* End XCConfigurationList section */
	};
	rootObject = D05689E7230691F800658683 /* Project object */;
}
